
Microsoft Visual Studio Solution File, Format Version 12.00
# Visual Studio Version 17
VisualStudioVersion = 17.4.33213.308
MinimumVisualStudioVersion = 10.0.40219.1
Project("{9A19103F-16F7-4668-BE54-9A1E7A4F7556}") = "AT2Recycle", "AT2Recycle.csproj", "{57B89D81-E543-4C23-A00D-4B5CAFDDA804}"
EndProject
Global
	GlobalSection(SolutionConfigurationPlatforms) = preSolution
		Debug|Any CPU = Debug|Any CPU
		Release|Any CPU = Release|Any CPU
	EndGlobalSection
	GlobalSection(ProjectConfigurationPlatforms) = postSolution
		{57B89D81-E543-4C23-A00D-4B5CAFDDA804}.Debug|Any CPU.ActiveCfg = Debug|Any CPU
		{57B89D81-E543-4C23-A00D-4B5CAFDDA804}.Debug|Any CPU.Build.0 = Debug|Any CPU
		{57B89D81-E543-4C23-A00D-4B5CAFDDA804}.Release|Any CPU.ActiveCfg = Release|Any CPU
		{57B89D81-E543-4C23-A00D-4B5CAFDDA804}.Release|Any CPU.Build.0 = Release|Any CPU
	EndGlobalSection
	GlobalSection(SolutionProperties) = preSolution
		HideSolutionNode = FALSE
	EndGlobalSection
	GlobalSection(ExtensibilityGlobals) = postSolution
		SolutionGuid = {629D2DE3-BBD7-4725-B0D1-8DDD66F342AA}
	EndGlobalSection
EndGlobal
